{
  "version": 4,
  "terraform_version": "1.1.3",
  "serial": 9,
  "lineage": "3332920d-a810-ddb1-65c3-d760e94b2406",
  "outputs": {},
  "resources": [
    {
      "mode": "data",
      "type": "google_compute_image",
      "name": "debian",
      "provider": "provider[\"registry.terraform.io/hashicorp/google\"]",
      "instances": [
        {
          "schema_version": 0,
          "attributes": {
            "archive_size_bytes": 1539087552,
            "creation_timestamp": "2022-12-06T13:36:14.214-08:00",
            "description": "Debian, Debian GNU/Linux, 11 (bullseye), amd64 built on 20221206, supports Shielded VM features",
            "disk_size_gb": 10,
            "family": "debian-11",
            "filter": null,
            "id": "projects/debian-cloud/global/images/debian-11-bullseye-v20221206",
            "image_encryption_key_sha256": "",
            "image_id": "3029264037887216418",
            "label_fingerprint": "42WmSpB8rSM=",
            "labels": {},
            "licenses": [
              "https://www.googleapis.com/compute/v1/projects/debian-cloud/global/licenses/debian-11-bullseye"
            ],
            "name": "debian-11-bullseye-v20221206",
            "project": "debian-cloud",
            "self_link": "https://www.googleapis.com/compute/v1/projects/debian-cloud/global/images/debian-11-bullseye-v20221206",
            "source_disk": "",
            "source_disk_encryption_key_sha256": "",
            "source_disk_id": "",
            "source_image_id": "",
            "status": "READY"
          },
          "sensitive_attributes": []
        }
      ]
    },
    {
      "mode": "managed",
      "type": "google_compute_disk",
      "name": "persistent",
      "provider": "provider[\"registry.terraform.io/hashicorp/google\"]",
      "instances": [
        {
          "schema_version": 0,
          "attributes": {
            "creation_timestamp": "2023-01-20T20:12:43.416-08:00",
            "description": "",
            "disk_encryption_key": [],
            "id": "projects/studious-spider-371813/zones/us-west4-a/disks/debian-disk",
            "image": "https://www.googleapis.com/compute/v1/projects/debian-cloud/global/images/debian-11-bullseye-v20221206",
            "label_fingerprint": "42WmSpB8rSM=",
            "labels": {},
            "last_attach_timestamp": "",
            "last_detach_timestamp": "",
            "name": "debian-disk",
            "physical_block_size_bytes": 4096,
            "project": "studious-spider-371813",
            "provisioned_iops": 0,
            "self_link": "https://www.googleapis.com/compute/v1/projects/studious-spider-371813/zones/us-west4-a/disks/debian-disk",
            "size": 10,
            "snapshot": "",
            "source_disk": "",
            "source_disk_id": "",
            "source_image_encryption_key": [],
            "source_image_id": "3029264037887216418",
            "source_snapshot_encryption_key": [],
            "source_snapshot_id": "",
            "timeouts": null,
            "type": "pd-ssd",
            "users": [],
            "zone": "us-west4-a"
          },
          "sensitive_attributes": [],
          "private": "eyJlMmJmYjczMC1lY2FhLTExZTYtOGY4OC0zNDM2M2JjN2M0YzAiOnsiY3JlYXRlIjoxMjAwMDAwMDAwMDAwLCJkZWxldGUiOjEyMDAwMDAwMDAwMDAsInVwZGF0ZSI6MTIwMDAwMDAwMDAwMH19",
          "dependencies": [
            "data.google_compute_image.debian"
          ]
        }
      ]
    },
    {
      "mode": "managed",
      "type": "google_compute_disk",
      "name": "ssd",
      "provider": "provider[\"registry.terraform.io/hashicorp/google\"]",
      "instances": [
        {
          "schema_version": 0,
          "attributes": {
            "creation_timestamp": "2023-01-20T20:32:34.267-08:00",
            "description": "",
            "disk_encryption_key": [],
            "id": "projects/studious-spider-371813/zones/us-west4-a/disks/my-demo-disk",
            "image": "https://www.googleapis.com/compute/v1/projects/debian-cloud/global/images/debian-11-bullseye-v20221206",
            "label_fingerprint": "42WmSpB8rSM=",
            "labels": {},
            "last_attach_timestamp": "",
            "last_detach_timestamp": "",
            "name": "my-demo-disk",
            "physical_block_size_bytes": 4096,
            "project": "studious-spider-371813",
            "provisioned_iops": 0,
            "self_link": "https://www.googleapis.com/compute/v1/projects/studious-spider-371813/zones/us-west4-a/disks/my-demo-disk",
            "size": 10,
            "snapshot": "",
            "source_disk": "",
            "source_disk_id": "",
            "source_image_encryption_key": [],
            "source_image_id": "3029264037887216418",
            "source_snapshot_encryption_key": [],
            "source_snapshot_id": "",
            "timeouts": null,
            "type": "pd-ssd",
            "users": [],
            "zone": "us-west4-a"
          },
          "sensitive_attributes": [],
          "private": "eyJlMmJmYjczMC1lY2FhLTExZTYtOGY4OC0zNDM2M2JjN2M0YzAiOnsiY3JlYXRlIjoxMjAwMDAwMDAwMDAwLCJkZWxldGUiOjEyMDAwMDAwMDAwMDAsInVwZGF0ZSI6MTIwMDAwMDAwMDAwMH19",
          "dependencies": [
            "data.google_compute_image.debian"
          ]
        }
      ]
    },
    {
      "mode": "managed",
      "type": "google_compute_resource_policy",
      "name": "policy",
      "provider": "provider[\"registry.terraform.io/hashicorp/google\"]",
      "instances": [
        {
          "schema_version": 0,
          "attributes": {
            "description": "",
            "group_placement_policy": [],
            "id": "projects/studious-spider-371813/regions/us-west4/resourcePolicies/my-demo-resource-policy",
            "instance_schedule_policy": [],
            "name": "my-demo-resource-policy",
            "project": "studious-spider-371813",
            "region": "https://www.googleapis.com/compute/v1/projects/studious-spider-371813/regions/us-west4",
            "self_link": "https://www.googleapis.com/compute/v1/projects/studious-spider-371813/regions/us-west4/resourcePolicies/my-demo-resource-policy",
            "snapshot_schedule_policy": [
              {
                "retention_policy": [],
                "schedule": [
                  {
                    "daily_schedule": [
                      {
                        "days_in_cycle": 1,
                        "start_time": "11:00"
                      }
                    ],
                    "hourly_schedule": [],
                    "weekly_schedule": []
                  }
                ],
                "snapshot_properties": []
              }
            ],
            "timeouts": null
          },
          "sensitive_attributes": [],
          "private": "eyJlMmJmYjczMC1lY2FhLTExZTYtOGY4OC0zNDM2M2JjN2M0YzAiOnsiY3JlYXRlIjoxMjAwMDAwMDAwMDAwLCJkZWxldGUiOjEyMDAwMDAwMDAwMDB9fQ=="
        }
      ]
    },
    {
      "mode": "managed",
      "type": "google_compute_snapshot",
      "name": "snapshot",
      "provider": "provider[\"registry.terraform.io/hashicorp/google\"]",
      "instances": [
        {
          "schema_version": 0,
          "attributes": {
            "chain_name": "",
            "creation_timestamp": "2023-01-20T20:12:48.980-08:00",
            "description": "",
            "disk_size_gb": 10,
            "id": "projects/studious-spider-371813/global/snapshots/demo-snapshot",
            "label_fingerprint": "l0Toa8bvbXI=",
            "labels": {
              "my_label": "my_value"
            },
            "licenses": [
              "https://www.googleapis.com/compute/v1/projects/debian-cloud/global/licenses/debian-11-bullseye"
            ],
            "name": "demo-snapshot",
            "project": "studious-spider-371813",
            "self_link": "https://www.googleapis.com/compute/v1/projects/studious-spider-371813/global/snapshots/demo-snapshot",
            "snapshot_encryption_key": [],
            "snapshot_id": -1117333329,
            "source_disk": "https://www.googleapis.com/compute/v1/projects/studious-spider-371813/zones/us-west4-a/disks/debian-disk",
            "source_disk_encryption_key": [],
            "storage_bytes": 513029184,
            "storage_locations": [
              "us-west4"
            ],
            "timeouts": null,
            "zone": "us-west4-a"
          },
          "sensitive_attributes": [],
          "private": "eyJlMmJmYjczMC1lY2FhLTExZTYtOGY4OC0zNDM2M2JjN2M0YzAiOnsiY3JlYXRlIjoxMjAwMDAwMDAwMDAwLCJkZWxldGUiOjEyMDAwMDAwMDAwMDAsInVwZGF0ZSI6MTIwMDAwMDAwMDAwMH19",
          "dependencies": [
            "data.google_compute_image.debian",
            "google_compute_disk.persistent"
          ]
        }
      ]
    }
  ]
}
