{
  "version": 4,
  "terraform_version": "1.1.3",
  "serial": 1,
  "lineage": "66d07358-4550-0797-6898-736aa73e6680",
  "outputs": {},
  "resources": [
    {
      "mode": "managed",
      "type": "google_compute_disk",
      "name": "disk",
      "provider": "provider[\"registry.terraform.io/hashicorp/google\"]",
      "instances": [
        {
          "schema_version": 0,
          "attributes": {
            "creation_timestamp": "2023-01-20T21:49:53.992-08:00",
            "description": "",
            "disk_encryption_key": [],
            "id": "projects/studious-spider-371813/zones/us-west4-a/disks/test-disk",
            "image": "https://www.googleapis.com/compute/v1/projects/debian-cloud/global/images/debian-11-bullseye-v20221206",
            "label_fingerprint": "a6HI36FuYIQ=",
            "labels": {
              "environment": "dev"
            },
            "last_attach_timestamp": "",
            "last_detach_timestamp": "",
            "name": "test-disk",
            "physical_block_size_bytes": 4096,
            "project": "studious-spider-371813",
            "provisioned_iops": 0,
            "self_link": "https://www.googleapis.com/compute/v1/projects/studious-spider-371813/zones/us-west4-a/disks/test-disk",
            "size": 10,
            "snapshot": "",
            "source_disk": "",
            "source_disk_id": "",
            "source_image_encryption_key": [],
            "source_image_id": "3029264037887216418",
            "source_snapshot_encryption_key": [],
            "source_snapshot_id": "",
            "timeouts": null,
            "type": "pd-ssd",
            "users": [],
            "zone": "us-west4-a"
          },
          "sensitive_attributes": [],
          "private": "eyJlMmJmYjczMC1lY2FhLTExZTYtOGY4OC0zNDM2M2JjN2M0YzAiOnsiY3JlYXRlIjoxMjAwMDAwMDAwMDAwLCJkZWxldGUiOjEyMDAwMDAwMDAwMDAsInVwZGF0ZSI6MTIwMDAwMDAwMDAwMH19"
        }
      ]
    }
  ]
}
